// !$*UTF8*$!
{
	archiveVersion = 1;
	classes = {
	};
	objectVersion = 52;
	objects = {

/* Begin PBXBuildFile section */
		1CE2C8A826F36BEA0093E766 /* Apollo in Frameworks */ = {isa = PBXBuildFile; productRef = 1CE2C8A726F36BEA0093E766 /* Apollo */; };
		1CE2C8AA26F36BEA0093E766 /* ApolloWebSocket in Frameworks */ = {isa = PBXBuildFile; productRef = 1CE2C8A926F36BEA0093E766 /* ApolloWebSocket */; };
		1CE2C8AD26F36C550093E766 /* schema.json in Resources */ = {isa = PBXBuildFile; fileRef = 1CE2C8AC26F36C550093E766 /* schema.json */; };
		7B326E9026F374F1004301F1 /* Apollo.swift in Sources */ = {isa = PBXBuildFile; fileRef = 7B326E8D26F374F1004301F1 /* Apollo.swift */; };
		7B326E9126F374F1004301F1 /* API.swift in Sources */ = {isa = PBXBuildFile; fileRef = 7B326E8E26F374F1004301F1 /* API.swift */; };
		7B326E9226F374F1004301F1 /* Animalz.graphql in Resources */ = {isa = PBXBuildFile; fileRef = 7B326E8F26F374F1004301F1 /* Animalz.graphql */; };
		7B326E9626F38B40004301F1 /* SignUpView.swift in Sources */ = {isa = PBXBuildFile; fileRef = 7B326E9526F38B40004301F1 /* SignUpView.swift */; };
		7B326E9A26F38EB6004301F1 /* Gender.swift in Sources */ = {isa = PBXBuildFile; fileRef = 7B326E9926F38EB6004301F1 /* Gender.swift */; };
		7B326E9E26F39746004301F1 /* AnimalFormView.swift in Sources */ = {isa = PBXBuildFile; fileRef = 7B326E9D26F39746004301F1 /* AnimalFormView.swift */; };
		7B326EA226F4859D004301F1 /* AnnoncementFormView.swift in Sources */ = {isa = PBXBuildFile; fileRef = 7B326EA126F4859D004301F1 /* AnnoncementFormView.swift */; };
		7B76225B26F1E53700A49270 /* HomeView.swift in Sources */ = {isa = PBXBuildFile; fileRef = 7B76225A26F1E53700A49270 /* HomeView.swift */; };
		7B76226626F1EE9000A49270 /* View+Extension.swift in Sources */ = {isa = PBXBuildFile; fileRef = 7B76226526F1EE9000A49270 /* View+Extension.swift */; };
		7B9CF62C26F1DD5300C83099 /* AnimalzGraphQLApp.swift in Sources */ = {isa = PBXBuildFile; fileRef = 7B9CF62B26F1DD5300C83099 /* AnimalzGraphQLApp.swift */; };
		7B9CF62E26F1DD5300C83099 /* ContentView.swift in Sources */ = {isa = PBXBuildFile; fileRef = 7B9CF62D26F1DD5300C83099 /* ContentView.swift */; };
		7B9CF63026F1DD5500C83099 /* Assets.xcassets in Resources */ = {isa = PBXBuildFile; fileRef = 7B9CF62F26F1DD5500C83099 /* Assets.xcassets */; };
		7B9CF63326F1DD5500C83099 /* Preview Assets.xcassets in Resources */ = {isa = PBXBuildFile; fileRef = 7B9CF63226F1DD5500C83099 /* Preview Assets.xcassets */; };
		7B9CF63C26F1DFDD00C83099 /* LoginView.swift in Sources */ = {isa = PBXBuildFile; fileRef = 7B9CF63B26F1DFDD00C83099 /* LoginView.swift */; };
		7BA1272926F1FEB6002F1ED2 /* CellView.swift in Sources */ = {isa = PBXBuildFile; fileRef = 7BA1272826F1FEB6002F1ED2 /* CellView.swift */; };
		7BA1273D26F2412C002F1ED2 /* ProfilView.swift in Sources */ = {isa = PBXBuildFile; fileRef = 7BA1273C26F2412C002F1ED2 /* ProfilView.swift */; };
		7BA1274A26F241DD002F1ED2 /* ScreenModal.swift in Sources */ = {isa = PBXBuildFile; fileRef = 7BA1274926F241DD002F1ED2 /* ScreenModal.swift */; };
		7BC8F95726F351B600D5FB76 /* ImagePicker.swift in Sources */ = {isa = PBXBuildFile; fileRef = 7BC8F95626F351B600D5FB76 /* ImagePicker.swift */; };
/* End PBXBuildFile section */

/* Begin PBXFileReference section */
		1CE2C8AC26F36C550093E766 /* schema.json */ = {isa = PBXFileReference; fileEncoding = 4; lastKnownFileType = text.json; path = schema.json; sourceTree = SOURCE_ROOT; };
		7B326E8D26F374F1004301F1 /* Apollo.swift */ = {isa = PBXFileReference; fileEncoding = 4; lastKnownFileType = sourcecode.swift; path = Apollo.swift; sourceTree = "<group>"; };
		7B326E8E26F374F1004301F1 /* API.swift */ = {isa = PBXFileReference; fileEncoding = 4; lastKnownFileType = sourcecode.swift; path = API.swift; sourceTree = "<group>"; };
		7B326E8F26F374F1004301F1 /* Animalz.graphql */ = {isa = PBXFileReference; fileEncoding = 4; lastKnownFileType = text; path = Animalz.graphql; sourceTree = "<group>"; };
		7B326E9526F38B40004301F1 /* SignUpView.swift */ = {isa = PBXFileReference; lastKnownFileType = sourcecode.swift; path = SignUpView.swift; sourceTree = "<group>"; };
		7B326E9926F38EB6004301F1 /* Gender.swift */ = {isa = PBXFileReference; lastKnownFileType = sourcecode.swift; path = Gender.swift; sourceTree = "<group>"; };
		7B326E9D26F39746004301F1 /* AnimalFormView.swift */ = {isa = PBXFileReference; lastKnownFileType = sourcecode.swift; path = AnimalFormView.swift; sourceTree = "<group>"; };
		7B326EA126F4859D004301F1 /* AnnoncementFormView.swift */ = {isa = PBXFileReference; lastKnownFileType = sourcecode.swift; path = AnnoncementFormView.swift; sourceTree = "<group>"; };
		7B76225A26F1E53700A49270 /* HomeView.swift */ = {isa = PBXFileReference; lastKnownFileType = sourcecode.swift; path = HomeView.swift; sourceTree = "<group>"; };
		7B76226526F1EE9000A49270 /* View+Extension.swift */ = {isa = PBXFileReference; lastKnownFileType = sourcecode.swift; path = "View+Extension.swift"; sourceTree = "<group>"; };
		7B9CF62826F1DD5300C83099 /* AnimalzGraphQL.app */ = {isa = PBXFileReference; explicitFileType = wrapper.application; includeInIndex = 0; path = AnimalzGraphQL.app; sourceTree = BUILT_PRODUCTS_DIR; };
		7B9CF62B26F1DD5300C83099 /* AnimalzGraphQLApp.swift */ = {isa = PBXFileReference; lastKnownFileType = sourcecode.swift; path = AnimalzGraphQLApp.swift; sourceTree = "<group>"; };
		7B9CF62D26F1DD5300C83099 /* ContentView.swift */ = {isa = PBXFileReference; lastKnownFileType = sourcecode.swift; path = ContentView.swift; sourceTree = "<group>"; };
		7B9CF62F26F1DD5500C83099 /* Assets.xcassets */ = {isa = PBXFileReference; lastKnownFileType = folder.assetcatalog; path = Assets.xcassets; sourceTree = "<group>"; };
		7B9CF63226F1DD5500C83099 /* Preview Assets.xcassets */ = {isa = PBXFileReference; lastKnownFileType = folder.assetcatalog; path = "Preview Assets.xcassets"; sourceTree = "<group>"; };
		7B9CF63426F1DD5500C83099 /* Info.plist */ = {isa = PBXFileReference; lastKnownFileType = text.plist.xml; path = Info.plist; sourceTree = "<group>"; };
		7B9CF63B26F1DFDD00C83099 /* LoginView.swift */ = {isa = PBXFileReference; lastKnownFileType = sourcecode.swift; path = LoginView.swift; sourceTree = "<group>"; };
		7BA1272826F1FEB6002F1ED2 /* CellView.swift */ = {isa = PBXFileReference; lastKnownFileType = sourcecode.swift; path = CellView.swift; sourceTree = "<group>"; };
		7BA1273C26F2412C002F1ED2 /* ProfilView.swift */ = {isa = PBXFileReference; lastKnownFileType = sourcecode.swift; path = ProfilView.swift; sourceTree = "<group>"; };
		7BA1274926F241DD002F1ED2 /* ScreenModal.swift */ = {isa = PBXFileReference; lastKnownFileType = sourcecode.swift; path = ScreenModal.swift; sourceTree = "<group>"; };
		7BC8F95626F351B600D5FB76 /* ImagePicker.swift */ = {isa = PBXFileReference; lastKnownFileType = sourcecode.swift; path = ImagePicker.swift; sourceTree = "<group>"; };
/* End PBXFileReference section */

/* Begin PBXFrameworksBuildPhase section */
		7B9CF62526F1DD5300C83099 /* Frameworks */ = {
			isa = PBXFrameworksBuildPhase;
			buildActionMask = 2147483647;
			files = (
				1CE2C8A826F36BEA0093E766 /* Apollo in Frameworks */,
				1CE2C8AA26F36BEA0093E766 /* ApolloWebSocket in Frameworks */,
			);
			runOnlyForDeploymentPostprocessing = 0;
		};
/* End PBXFrameworksBuildPhase section */

/* Begin PBXGroup section */
		7B326E8C26F374F1004301F1 /* GraphQL */ = {
			isa = PBXGroup;
			children = (
				7B326E8D26F374F1004301F1 /* Apollo.swift */,
				7B326E8E26F374F1004301F1 /* API.swift */,
				7B326E8F26F374F1004301F1 /* Animalz.graphql */,
			);
			path = GraphQL;
			sourceTree = "<group>";
		};
		7B326E9826F38EA1004301F1 /* Enum */ = {
			isa = PBXGroup;
			children = (
				7B326E9926F38EB6004301F1 /* Gender.swift */,
			);
			path = Enum;
			sourceTree = "<group>";
		};
		7B76225926F1E51B00A49270 /* Home */ = {
			isa = PBXGroup;
			children = (
				7B76225E26F1E6A300A49270 /* Components */,
				7B76225A26F1E53700A49270 /* HomeView.swift */,
			);
			path = Home;
			sourceTree = "<group>";
		};
		7B76225E26F1E6A300A49270 /* Components */ = {
			isa = PBXGroup;
			children = (
				7BA1272826F1FEB6002F1ED2 /* CellView.swift */,
			);
			path = Components;
			sourceTree = "<group>";
		};
		7B76226426F1EE6F00A49270 /* Extension */ = {
			isa = PBXGroup;
			children = (
				7B76226526F1EE9000A49270 /* View+Extension.swift */,
			);
			path = Extension;
			sourceTree = "<group>";
		};
		7B76226926F1EF2600A49270 /* View */ = {
			isa = PBXGroup;
			children = (
				7B9CF62D26F1DD5300C83099 /* ContentView.swift */,
				7BA1273B26F2411E002F1ED2 /* Profil */,
				7BA1273026F2404E002F1ED2 /* Announcement */,
				7B9CF63E26F1DFE500C83099 /* Login */,
				7B76225926F1E51B00A49270 /* Home */,
			);
			path = View;
			sourceTree = "<group>";
		};
		7B9CF61F26F1DD5300C83099 = {
			isa = PBXGroup;
			children = (
				7B9CF62A26F1DD5300C83099 /* AnimalzGraphQL */,
				7B9CF62926F1DD5300C83099 /* Products */,
			);
			sourceTree = "<group>";
		};
		7B9CF62926F1DD5300C83099 /* Products */ = {
			isa = PBXGroup;
			children = (
				7B9CF62826F1DD5300C83099 /* AnimalzGraphQL.app */,
			);
			name = Products;
			sourceTree = "<group>";
		};
		7B9CF62A26F1DD5300C83099 /* AnimalzGraphQL */ = {
			isa = PBXGroup;
			children = (
				7B326E9826F38EA1004301F1 /* Enum */,
				7B326E8C26F374F1004301F1 /* GraphQL */,
				1CE2C8AC26F36C550093E766 /* schema.json */,
				7B76226926F1EF2600A49270 /* View */,
				7B76226426F1EE6F00A49270 /* Extension */,
				7B9CF62B26F1DD5300C83099 /* AnimalzGraphQLApp.swift */,
				7B9CF62F26F1DD5500C83099 /* Assets.xcassets */,
				7B9CF63426F1DD5500C83099 /* Info.plist */,
				7B9CF63126F1DD5500C83099 /* Preview Content */,
			);
			path = AnimalzGraphQL;
			sourceTree = "<group>";
		};
		7B9CF63126F1DD5500C83099 /* Preview Content */ = {
			isa = PBXGroup;
			children = (
				7B9CF63226F1DD5500C83099 /* Preview Assets.xcassets */,
			);
			path = "Preview Content";
			sourceTree = "<group>";
		};
		7B9CF63E26F1DFE500C83099 /* Login */ = {
			isa = PBXGroup;
			children = (
				7B9CF63B26F1DFDD00C83099 /* LoginView.swift */,
				7B326E9526F38B40004301F1 /* SignUpView.swift */,
			);
			path = Login;
			sourceTree = "<group>";
		};
		7BA1273026F2404E002F1ED2 /* Announcement */ = {
			isa = PBXGroup;
			children = (
				7BA1274926F241DD002F1ED2 /* ScreenModal.swift */,
				7BC8F95626F351B600D5FB76 /* ImagePicker.swift */,
				7B326E9D26F39746004301F1 /* AnimalFormView.swift */,
				7B326EA126F4859D004301F1 /* AnnoncementFormView.swift */,
			);
			path = Announcement;
			sourceTree = "<group>";
		};
		7BA1273B26F2411E002F1ED2 /* Profil */ = {
			isa = PBXGroup;
			children = (
				7BA1273C26F2412C002F1ED2 /* ProfilView.swift */,
			);
			path = Profil;
			sourceTree = "<group>";
		};
/* End PBXGroup section */

/* Begin PBXNativeTarget section */
		7B9CF62726F1DD5300C83099 /* AnimalzGraphQL */ = {
			isa = PBXNativeTarget;
			buildConfigurationList = 7B9CF63726F1DD5500C83099 /* Build configuration list for PBXNativeTarget "AnimalzGraphQL" */;
			buildPhases = (
				7B9CF62426F1DD5300C83099 /* Sources */,
				7B9CF62526F1DD5300C83099 /* Frameworks */,
				7B9CF62626F1DD5300C83099 /* Resources */,
				1CE2C8AB26F36C000093E766 /* ShellScript */,
			);
			buildRules = (
			);
			dependencies = (
			);
			name = AnimalzGraphQL;
			packageProductDependencies = (
				1CE2C8A726F36BEA0093E766 /* Apollo */,
				1CE2C8A926F36BEA0093E766 /* ApolloWebSocket */,
			);
			productName = AnimalzGraphQL;
			productReference = 7B9CF62826F1DD5300C83099 /* AnimalzGraphQL.app */;
			productType = "com.apple.product-type.application";
		};
/* End PBXNativeTarget section */

/* Begin PBXProject section */
		7B9CF62026F1DD5300C83099 /* Project object */ = {
			isa = PBXProject;
			attributes = {
				LastSwiftUpdateCheck = 1240;
				LastUpgradeCheck = 1240;
				TargetAttributes = {
					7B9CF62726F1DD5300C83099 = {
						CreatedOnToolsVersion = 12.4;
					};
				};
			};
			buildConfigurationList = 7B9CF62326F1DD5300C83099 /* Build configuration list for PBXProject "AnimalzGraphQL" */;
			compatibilityVersion = "Xcode 9.3";
			developmentRegion = en;
			hasScannedForEncodings = 0;
			knownRegions = (
				en,
				Base,
			);
			mainGroup = 7B9CF61F26F1DD5300C83099;
			packageReferences = (
				1CE2C8A626F36BEA0093E766 /* XCRemoteSwiftPackageReference "apollo-ios" */,
			);
			productRefGroup = 7B9CF62926F1DD5300C83099 /* Products */;
			projectDirPath = "";
			projectRoot = "";
			targets = (
				7B9CF62726F1DD5300C83099 /* AnimalzGraphQL */,
			);
		};
/* End PBXProject section */

/* Begin PBXResourcesBuildPhase section */
		7B9CF62626F1DD5300C83099 /* Resources */ = {
			isa = PBXResourcesBuildPhase;
			buildActionMask = 2147483647;
			files = (
				7B326E9226F374F1004301F1 /* Animalz.graphql in Resources */,
				7B9CF63326F1DD5500C83099 /* Preview Assets.xcassets in Resources */,
				1CE2C8AD26F36C550093E766 /* schema.json in Resources */,
				7B9CF63026F1DD5500C83099 /* Assets.xcassets in Resources */,
			);
			runOnlyForDeploymentPostprocessing = 0;
		};
/* End PBXResourcesBuildPhase section */

/* Begin PBXShellScriptBuildPhase section */
		1CE2C8AB26F36C000093E766 /* ShellScript */ = {
			isa = PBXShellScriptBuildPhase;
			buildActionMask = 2147483647;
			files = (
			);
			inputFileListPaths = (
			);
			inputPaths = (
			);
			outputFileListPaths = (
			);
			outputPaths = (
			);
			runOnlyForDeploymentPostprocessing = 0;
			shellPath = /bin/sh;
			shellScript = "# Go to the build root and search up the chain to find the Derived Data Path where the source packages are checked out.\nDERIVED_DATA_CANDIDATE=\"${BUILD_ROOT}\"\n\nwhile ! [ -d \"${DERIVED_DATA_CANDIDATE}/SourcePackages\" ]; do\n  if [ \"${DERIVED_DATA_CANDIDATE}\" = / ]; then\n    echo >&2 \"error: Unable to locate SourcePackages directory from BUILD_ROOT: '${BUILD_ROOT}'\"\n    exit 1\n  fi\n\n  DERIVED_DATA_CANDIDATE=\"$(dirname \"${DERIVED_DATA_CANDIDATE}\")\"\ndone\n\n# Grab a reference to the directory where scripts are checked out\nSCRIPT_PATH=\"${DERIVED_DATA_CANDIDATE}/SourcePackages/checkouts/apollo-ios/scripts\"\n\nif [ -z \"${SCRIPT_PATH}\" ]; then\n    echo >&2 \"error: Couldn't find the CLI script in your checked out SPM packages; make sure to add the framework to your project.\"\n    exit 1\nfi\n\ncd \"${SRCROOT}/${TARGET_NAME}\"\n\"${SCRIPT_PATH}\"/run-bundled-codegen.sh schema:download --endpoint=\"http://localhost:4000/graphql\"\n\"${SCRIPT_PATH}\"/run-bundled-codegen.sh codegen:generate --target=swift --includes=./**/*.graphql --localSchemaFile=\"schema.json\" API.swift\n";
		};
/* End PBXShellScriptBuildPhase section */

/* Begin PBXSourcesBuildPhase section */
		7B9CF62426F1DD5300C83099 /* Sources */ = {
			isa = PBXSourcesBuildPhase;
			buildActionMask = 2147483647;
			files = (
				7B326E9126F374F1004301F1 /* API.swift in Sources */,
				7BA1274A26F241DD002F1ED2 /* ScreenModal.swift in Sources */,
				7B9CF63C26F1DFDD00C83099 /* LoginView.swift in Sources */,
				7B76225B26F1E53700A49270 /* HomeView.swift in Sources */,
				7B326E9626F38B40004301F1 /* SignUpView.swift in Sources */,
				7BC8F95726F351B600D5FB76 /* ImagePicker.swift in Sources */,
				7B326E9026F374F1004301F1 /* Apollo.swift in Sources */,
				7BA1272926F1FEB6002F1ED2 /* CellView.swift in Sources */,
				7B326E9A26F38EB6004301F1 /* Gender.swift in Sources */,
				7B9CF62E26F1DD5300C83099 /* ContentView.swift in Sources */,
				7BA1273D26F2412C002F1ED2 /* ProfilView.swift in Sources */,
				7B326E9E26F39746004301F1 /* AnimalFormView.swift in Sources */,
				7B76226626F1EE9000A49270 /* View+Extension.swift in Sources */,
				7B9CF62C26F1DD5300C83099 /* AnimalzGraphQLApp.swift in Sources */,
				7B326EA226F4859D004301F1 /* AnnoncementFormView.swift in Sources */,
			);
			runOnlyForDeploymentPostprocessing = 0;
		};
/* End PBXSourcesBuildPhase section */

/* Begin XCBuildConfiguration section */
		7B9CF63526F1DD5500C83099 /* Debug */ = {
			isa = XCBuildConfiguration;
			buildSettings = {
				ALWAYS_SEARCH_USER_PATHS = NO;
				CLANG_ANALYZER_NONNULL = YES;
				CLANG_ANALYZER_NUMBER_OBJECT_CONVERSION = YES_AGGRESSIVE;
				CLANG_CXX_LANGUAGE_STANDARD = "gnu++14";
				CLANG_CXX_LIBRARY = "libc++";
				CLANG_ENABLE_MODULES = YES;
				CLANG_ENABLE_OBJC_ARC = YES;
				CLANG_ENABLE_OBJC_WEAK = YES;
				CLANG_WARN_BLOCK_CAPTURE_AUTORELEASING = YES;
				CLANG_WARN_BOOL_CONVERSION = YES;
				CLANG_WARN_COMMA = YES;
				CLANG_WARN_CONSTANT_CONVERSION = YES;
				CLANG_WARN_DEPRECATED_OBJC_IMPLEMENTATIONS = YES;
				CLANG_WARN_DIRECT_OBJC_ISA_USAGE = YES_ERROR;
				CLANG_WARN_DOCUMENTATION_COMMENTS = YES;
				CLANG_WARN_EMPTY_BODY = YES;
				CLANG_WARN_ENUM_CONVERSION = YES;
				CLANG_WARN_INFINITE_RECURSION = YES;
				CLANG_WARN_INT_CONVERSION = YES;
				CLANG_WARN_NON_LITERAL_NULL_CONVERSION = YES;
				CLANG_WARN_OBJC_IMPLICIT_RETAIN_SELF = YES;
				CLANG_WARN_OBJC_LITERAL_CONVERSION = YES;
				CLANG_WARN_OBJC_ROOT_CLASS = YES_ERROR;
				CLANG_WARN_QUOTED_INCLUDE_IN_FRAMEWORK_HEADER = YES;
				CLANG_WARN_RANGE_LOOP_ANALYSIS = YES;
				CLANG_WARN_STRICT_PROTOTYPES = YES;
				CLANG_WARN_SUSPICIOUS_MOVE = YES;
				CLANG_WARN_UNGUARDED_AVAILABILITY = YES_AGGRESSIVE;
				CLANG_WARN_UNREACHABLE_CODE = YES;
				CLANG_WARN__DUPLICATE_METHOD_MATCH = YES;
				COPY_PHASE_STRIP = NO;
				DEBUG_INFORMATION_FORMAT = dwarf;
				ENABLE_STRICT_OBJC_MSGSEND = YES;
				ENABLE_TESTABILITY = YES;
				GCC_C_LANGUAGE_STANDARD = gnu11;
				GCC_DYNAMIC_NO_PIC = NO;
				GCC_NO_COMMON_BLOCKS = YES;
				GCC_OPTIMIZATION_LEVEL = 0;
				GCC_PREPROCESSOR_DEFINITIONS = (
					"DEBUG=1",
					"$(inherited)",
				);
				GCC_WARN_64_TO_32_BIT_CONVERSION = YES;
				GCC_WARN_ABOUT_RETURN_TYPE = YES_ERROR;
				GCC_WARN_UNDECLARED_SELECTOR = YES;
				GCC_WARN_UNINITIALIZED_AUTOS = YES_AGGRESSIVE;
				GCC_WARN_UNUSED_FUNCTION = YES;
				GCC_WARN_UNUSED_VARIABLE = YES;
				IPHONEOS_DEPLOYMENT_TARGET = 14.4;
				MTL_ENABLE_DEBUG_INFO = INCLUDE_SOURCE;
				MTL_FAST_MATH = YES;
				ONLY_ACTIVE_ARCH = YES;
				SDKROOT = iphoneos;
				SWIFT_ACTIVE_COMPILATION_CONDITIONS = DEBUG;
				SWIFT_OPTIMIZATION_LEVEL = "-Onone";
			};
			name = Debug;
		};
		7B9CF63626F1DD5500C83099 /* Release */ = {
			isa = XCBuildConfiguration;
			buildSettings = {
				ALWAYS_SEARCH_USER_PATHS = NO;
				CLANG_ANALYZER_NONNULL = YES;
				CLANG_ANALYZER_NUMBER_OBJECT_CONVERSION = YES_AGGRESSIVE;
				CLANG_CXX_LANGUAGE_STANDARD = "gnu++14";
				CLANG_CXX_LIBRARY = "libc++";
				CLANG_ENABLE_MODULES = YES;
				CLANG_ENABLE_OBJC_ARC = YES;
				CLANG_ENABLE_OBJC_WEAK = YES;
				CLANG_WARN_BLOCK_CAPTURE_AUTORELEASING = YES;
				CLANG_WARN_BOOL_CONVERSION = YES;
				CLANG_WARN_COMMA = YES;
				CLANG_WARN_CONSTANT_CONVERSION = YES;
				CLANG_WARN_DEPRECATED_OBJC_IMPLEMENTATIONS = YES;
				CLANG_WARN_DIRECT_OBJC_ISA_USAGE = YES_ERROR;
				CLANG_WARN_DOCUMENTATION_COMMENTS = YES;
				CLANG_WARN_EMPTY_BODY = YES;
				CLANG_WARN_ENUM_CONVERSION = YES;
				CLANG_WARN_INFINITE_RECURSION = YES;
				CLANG_WARN_INT_CONVERSION = YES;
				CLANG_WARN_NON_LITERAL_NULL_CONVERSION = YES;
				CLANG_WARN_OBJC_IMPLICIT_RETAIN_SELF = YES;
				CLANG_WARN_OBJC_LITERAL_CONVERSION = YES;
				CLANG_WARN_OBJC_ROOT_CLASS = YES_ERROR;
				CLANG_WARN_QUOTED_INCLUDE_IN_FRAMEWORK_HEADER = YES;
				CLANG_WARN_RANGE_LOOP_ANALYSIS = YES;
				CLANG_WARN_STRICT_PROTOTYPES = YES;
				CLANG_WARN_SUSPICIOUS_MOVE = YES;
				CLANG_WARN_UNGUARDED_AVAILABILITY = YES_AGGRESSIVE;
				CLANG_WARN_UNREACHABLE_CODE = YES;
				CLANG_WARN__DUPLICATE_METHOD_MATCH = YES;
				COPY_PHASE_STRIP = NO;
				DEBUG_INFORMATION_FORMAT = "dwarf-with-dsym";
				ENABLE_NS_ASSERTIONS = NO;
				ENABLE_STRICT_OBJC_MSGSEND = YES;
				GCC_C_LANGUAGE_STANDARD = gnu11;
				GCC_NO_COMMON_BLOCKS = YES;
				GCC_WARN_64_TO_32_BIT_CONVERSION = YES;
				GCC_WARN_ABOUT_RETURN_TYPE = YES_ERROR;
				GCC_WARN_UNDECLARED_SELECTOR = YES;
				GCC_WARN_UNINITIALIZED_AUTOS = YES_AGGRESSIVE;
				GCC_WARN_UNUSED_FUNCTION = YES;
				GCC_WARN_UNUSED_VARIABLE = YES;
				IPHONEOS_DEPLOYMENT_TARGET = 14.4;
				MTL_ENABLE_DEBUG_INFO = NO;
				MTL_FAST_MATH = YES;
				SDKROOT = iphoneos;
				SWIFT_COMPILATION_MODE = wholemodule;
				SWIFT_OPTIMIZATION_LEVEL = "-O";
				VALIDATE_PRODUCT = YES;
			};
			name = Release;
		};
		7B9CF63826F1DD5500C83099 /* Debug */ = {
			isa = XCBuildConfiguration;
			buildSettings = {
				ASSETCATALOG_COMPILER_APPICON_NAME = AppIcon;
				ASSETCATALOG_COMPILER_GLOBAL_ACCENT_COLOR_NAME = AccentColor;
				CODE_SIGN_STYLE = Automatic;
				DEVELOPMENT_ASSET_PATHS = "\"AnimalzGraphQL/Preview Content\"";
				ENABLE_PREVIEWS = YES;
				INFOPLIST_FILE = AnimalzGraphQL/Info.plist;
				IPHONEOS_DEPLOYMENT_TARGET = 14.0;
				LD_RUNPATH_SEARCH_PATHS = (
					"$(inherited)",
					"@executable_path/Frameworks",
				);
				PRODUCT_BUNDLE_IDENTIFIER = com.graphQL.AnimalzGraphQL;
				PRODUCT_NAME = "$(TARGET_NAME)";
				SWIFT_VERSION = 5.0;
				TARGETED_DEVICE_FAMILY = "1,2";
			};
			name = Debug;
		};
		7B9CF63926F1DD5500C83099 /* Release */ = {
			isa = XCBuildConfiguration;
			buildSettings = {
				ASSETCATALOG_COMPILER_APPICON_NAME = AppIcon;
				ASSETCATALOG_COMPILER_GLOBAL_ACCENT_COLOR_NAME = AccentColor;
				CODE_SIGN_STYLE = Automatic;
				DEVELOPMENT_ASSET_PATHS = "\"AnimalzGraphQL/Preview Content\"";
				ENABLE_PREVIEWS = YES;
				INFOPLIST_FILE = AnimalzGraphQL/Info.plist;
				IPHONEOS_DEPLOYMENT_TARGET = 14.0;
				LD_RUNPATH_SEARCH_PATHS = (
					"$(inherited)",
					"@executable_path/Frameworks",
				);
				PRODUCT_BUNDLE_IDENTIFIER = com.graphQL.AnimalzGraphQL;
				PRODUCT_NAME = "$(TARGET_NAME)";
				SWIFT_VERSION = 5.0;
				TARGETED_DEVICE_FAMILY = "1,2";
			};
			name = Release;
		};
/* End XCBuildConfiguration section */

/* Begin XCConfigurationList section */
		7B9CF62326F1DD5300C83099 /* Build configuration list for PBXProject "AnimalzGraphQL" */ = {
			isa = XCConfigurationList;
			buildConfigurations = (
				7B9CF63526F1DD5500C83099 /* Debug */,
				7B9CF63626F1DD5500C83099 /* Release */,
			);
			defaultConfigurationIsVisible = 0;
			defaultConfigurationName = Release;
		};
		7B9CF63726F1DD5500C83099 /* Build configuration list for PBXNativeTarget "AnimalzGraphQL" */ = {
			isa = XCConfigurationList;
			buildConfigurations = (
				7B9CF63826F1DD5500C83099 /* Debug */,
				7B9CF63926F1DD5500C83099 /* Release */,
			);
			defaultConfigurationIsVisible = 0;
			defaultConfigurationName = Release;
		};
/* End XCConfigurationList section */

/* Begin XCRemoteSwiftPackageReference section */
		1CE2C8A626F36BEA0093E766 /* XCRemoteSwiftPackageReference "apollo-ios" */ = {
			isa = XCRemoteSwiftPackageReference;
			repositoryURL = "https://github.com/apollographql/apollo-ios.git";
			requirement = {
				kind = upToNextMajorVersion;
				minimumVersion = 0.48.0;
			};
		};
/* End XCRemoteSwiftPackageReference section */

/* Begin XCSwiftPackageProductDependency section */
		1CE2C8A726F36BEA0093E766 /* Apollo */ = {
			isa = XCSwiftPackageProductDependency;
			package = 1CE2C8A626F36BEA0093E766 /* XCRemoteSwiftPackageReference "apollo-ios" */;
			productName = Apollo;
		};
		1CE2C8A926F36BEA0093E766 /* ApolloWebSocket */ = {
			isa = XCSwiftPackageProductDependency;
			package = 1CE2C8A626F36BEA0093E766 /* XCRemoteSwiftPackageReference "apollo-ios" */;
			productName = ApolloWebSocket;
		};
/* End XCSwiftPackageProductDependency section */
	};
	rootObject = 7B9CF62026F1DD5300C83099 /* Project object */;
}
